
Microsoft Visual Studio Solution File, Format Version 12.00
# Visual Studio 15
Project("{FAE04EC0-301F-11D3-BF4B-00C04F79EFBC}") = "CL_InheritanceExercise", "CL_InheritanceExercise\CL_InheritanceExercise.csproj", "{320B9619-6B8E-445A-98A0-6B504FCAD0AE}"
EndProject
Global
	GlobalSection(SolutionConfigurationPlatforms) = preSolution
		Debug|Any CPU = Debug|Any CPU
		Release|Any CPU = Release|Any CPU
	EndGlobalSection
	GlobalSection(ProjectConfigurationPlatforms) = postSolution
		{320B9619-6B8E-445A-98A0-6B504FCAD0AE}.Debug|Any CPU.ActiveCfg = Debug|Any CPU
		{320B9619-6B8E-445A-98A0-6B504FCAD0AE}.Debug|Any CPU.Build.0 = Debug|Any CPU
		{320B9619-6B8E-445A-98A0-6B504FCAD0AE}.Release|Any CPU.ActiveCfg = Release|Any CPU
		{320B9619-6B8E-445A-98A0-6B504FCAD0AE}.Release|Any CPU.Build.0 = Release|Any CPU
	EndGlobalSection
EndGlobal
